
Microsoft Visual Studio Solution File, Format Version 12.00
# Visual Studio Version 17
VisualStudioVersion = 17.12.35521.163 d17.12
MinimumVisualStudioVersion = 10.0.40219.1
Project("{FAE04EC0-301F-11D3-BF4B-00C04F79EFBC}") = "UniqloMVC", "UniqloMVC\UniqloMVC.csproj", "{D1D23671-5311-4B4A-9DC0-89A500E3C337}"
EndProject
Project("{FAE04EC0-301F-11D3-BF4B-00C04F79EFBC}") = "UniqloBL", "UniqloBL\UniqloBL.csproj", "{4E9200DC-71E2-45A7-A99C-BE7683937913}"
EndProject
Project("{FAE04EC0-301F-11D3-BF4B-00C04F79EFBC}") = "UniqloDAL", "UniqloDAL\UniqloDAL.csproj", "{BBEB376E-2531-4DD3-A59E-BA238F83AC37}"
EndProject
Global
	GlobalSection(SolutionConfigurationPlatforms) = preSolution
		Debug|Any CPU = Debug|Any CPU
		Release|Any CPU = Release|Any CPU
	EndGlobalSection
	GlobalSection(ProjectConfigurationPlatforms) = postSolution
		{D1D23671-5311-4B4A-9DC0-89A500E3C337}.Debug|Any CPU.ActiveCfg = Debug|Any CPU
		{D1D23671-5311-4B4A-9DC0-89A500E3C337}.Debug|Any CPU.Build.0 = Debug|Any CPU
		{D1D23671-5311-4B4A-9DC0-89A500E3C337}.Release|Any CPU.ActiveCfg = Release|Any CPU
		{D1D23671-5311-4B4A-9DC0-89A500E3C337}.Release|Any CPU.Build.0 = Release|Any CPU
		{4E9200DC-71E2-45A7-A99C-BE7683937913}.Debug|Any CPU.ActiveCfg = Debug|Any CPU
		{4E9200DC-71E2-45A7-A99C-BE7683937913}.Debug|Any CPU.Build.0 = Debug|Any CPU
		{4E9200DC-71E2-45A7-A99C-BE7683937913}.Release|Any CPU.ActiveCfg = Release|Any CPU
		{4E9200DC-71E2-45A7-A99C-BE7683937913}.Release|Any CPU.Build.0 = Release|Any CPU
		{BBEB376E-2531-4DD3-A59E-BA238F83AC37}.Debug|Any CPU.ActiveCfg = Debug|Any CPU
		{BBEB376E-2531-4DD3-A59E-BA238F83AC37}.Debug|Any CPU.Build.0 = Debug|Any CPU
		{BBEB376E-2531-4DD3-A59E-BA238F83AC37}.Release|Any CPU.ActiveCfg = Release|Any CPU
		{BBEB376E-2531-4DD3-A59E-BA238F83AC37}.Release|Any CPU.Build.0 = Release|Any CPU
	EndGlobalSection
	GlobalSection(SolutionProperties) = preSolution
		HideSolutionNode = FALSE
	EndGlobalSection
EndGlobal
